// !$*UTF8*$!
{
	archiveVersion = 1;
	classes = {
	};
	objectVersion = 50;
	objects = {

/* Begin PBXBuildFile section */
		FC46EA532694E8BF0040A0AB /* main.c in Sources */ = {isa = PBXBuildFile; fileRef = FC46EA522694E8BF0040A0AB /* main.c */; };
		FC46EA5C2694E9960040A0AB /* value.c in Sources */ = {isa = PBXBuildFile; fileRef = FC46EA5B2694E9960040A0AB /* value.c */; };
		FC46EA5F2694EEBB0040A0AB /* memory.c in Sources */ = {isa = PBXBuildFile; fileRef = FC46EA5E2694EEBB0040A0AB /* memory.c */; };
		FC46EA622694F03D0040A0AB /* object.c in Sources */ = {isa = PBXBuildFile; fileRef = FC46EA612694F03D0040A0AB /* object.c */; };
		FC46EA652694F5170040A0AB /* chunk.c in Sources */ = {isa = PBXBuildFile; fileRef = FC46EA642694F5170040A0AB /* chunk.c */; };
		FC46EA682694F8630040A0AB /* table.c in Sources */ = {isa = PBXBuildFile; fileRef = FC46EA672694F8630040A0AB /* table.c */; };
		FC46EA6B2694FE8D0040A0AB /* vm.c in Sources */ = {isa = PBXBuildFile; fileRef = FC46EA6A2694FE8D0040A0AB /* vm.c */; };
		FC46EA6E269528F30040A0AB /* compiler.c in Sources */ = {isa = PBXBuildFile; fileRef = FC46EA6D269528F30040A0AB /* compiler.c */; };
		FC46EA712695E8C30040A0AB /* debug.c in Sources */ = {isa = PBXBuildFile; fileRef = FC46EA702695E8C30040A0AB /* debug.c */; };
		FC46EA742695F2650040A0AB /* scanner.c in Sources */ = {isa = PBXBuildFile; fileRef = FC46EA732695F2650040A0AB /* scanner.c */; };
/* End PBXBuildFile section */

/* Begin PBXCopyFilesBuildPhase section */
		FC46EA4D2694E8BF0040A0AB /* CopyFiles */ = {
			isa = PBXCopyFilesBuildPhase;
			buildActionMask = 2147483647;
			dstPath = /usr/share/man/man1/;
			dstSubfolderSpec = 0;
			files = (
			);
			runOnlyForDeploymentPostprocessing = 1;
		};
/* End PBXCopyFilesBuildPhase section */

/* Begin PBXFileReference section */
		FC46EA4F2694E8BF0040A0AB /* Elysabettian */ = {isa = PBXFileReference; explicitFileType = "compiled.mach-o.executable"; includeInIndex = 0; path = Elysabettian; sourceTree = BUILT_PRODUCTS_DIR; };
		FC46EA522694E8BF0040A0AB /* main.c */ = {isa = PBXFileReference; lastKnownFileType = sourcecode.c.c; path = main.c; sourceTree = "<group>"; };
		FC46EA592694E8D00040A0AB /* common.h */ = {isa = PBXFileReference; lastKnownFileType = sourcecode.c.h; path = common.h; sourceTree = "<group>"; };
		FC46EA5A2694E9960040A0AB /* value.h */ = {isa = PBXFileReference; lastKnownFileType = sourcecode.c.h; path = value.h; sourceTree = "<group>"; };
		FC46EA5B2694E9960040A0AB /* value.c */ = {isa = PBXFileReference; lastKnownFileType = sourcecode.c.c; path = value.c; sourceTree = "<group>"; };
		FC46EA5D2694EEBB0040A0AB /* memory.h */ = {isa = PBXFileReference; lastKnownFileType = sourcecode.c.h; path = memory.h; sourceTree = "<group>"; };
		FC46EA5E2694EEBB0040A0AB /* memory.c */ = {isa = PBXFileReference; lastKnownFileType = sourcecode.c.c; path = memory.c; sourceTree = "<group>"; };
		FC46EA602694F03D0040A0AB /* object.h */ = {isa = PBXFileReference; lastKnownFileType = sourcecode.c.h; path = object.h; sourceTree = "<group>"; };
		FC46EA612694F03D0040A0AB /* object.c */ = {isa = PBXFileReference; lastKnownFileType = sourcecode.c.c; path = object.c; sourceTree = "<group>"; };
		FC46EA632694F5170040A0AB /* chunk.h */ = {isa = PBXFileReference; lastKnownFileType = sourcecode.c.h; path = chunk.h; sourceTree = "<group>"; };
		FC46EA642694F5170040A0AB /* chunk.c */ = {isa = PBXFileReference; lastKnownFileType = sourcecode.c.c; path = chunk.c; sourceTree = "<group>"; };
		FC46EA662694F8630040A0AB /* table.h */ = {isa = PBXFileReference; lastKnownFileType = sourcecode.c.h; path = table.h; sourceTree = "<group>"; };
		FC46EA672694F8630040A0AB /* table.c */ = {isa = PBXFileReference; lastKnownFileType = sourcecode.c.c; path = table.c; sourceTree = "<group>"; };
		FC46EA692694FE8D0040A0AB /* vm.h */ = {isa = PBXFileReference; lastKnownFileType = sourcecode.c.h; path = vm.h; sourceTree = "<group>"; };
		FC46EA6A2694FE8D0040A0AB /* vm.c */ = {isa = PBXFileReference; lastKnownFileType = sourcecode.c.c; path = vm.c; sourceTree = "<group>"; };
		FC46EA6C269528F30040A0AB /* compiler.h */ = {isa = PBXFileReference; lastKnownFileType = sourcecode.c.h; path = compiler.h; sourceTree = "<group>"; };
		FC46EA6D269528F30040A0AB /* compiler.c */ = {isa = PBXFileReference; lastKnownFileType = sourcecode.c.c; path = compiler.c; sourceTree = "<group>"; };
		FC46EA6F2695E8C30040A0AB /* debug.h */ = {isa = PBXFileReference; lastKnownFileType = sourcecode.c.h; path = debug.h; sourceTree = "<group>"; };
		FC46EA702695E8C30040A0AB /* debug.c */ = {isa = PBXFileReference; lastKnownFileType = sourcecode.c.c; path = debug.c; sourceTree = "<group>"; };
		FC46EA722695F2650040A0AB /* scanner.h */ = {isa = PBXFileReference; lastKnownFileType = sourcecode.c.h; path = scanner.h; sourceTree = "<group>"; };
		FC46EA732695F2650040A0AB /* scanner.c */ = {isa = PBXFileReference; lastKnownFileType = sourcecode.c.c; path = scanner.c; sourceTree = "<group>"; };
/* End PBXFileReference section */

/* Begin PBXFrameworksBuildPhase section */
		FC46EA4C2694E8BF0040A0AB /* Frameworks */ = {
			isa = PBXFrameworksBuildPhase;
			buildActionMask = 2147483647;
			files = (
			);
			runOnlyForDeploymentPostprocessing = 0;
		};
/* End PBXFrameworksBuildPhase section */

/* Begin PBXGroup section */
		FC46EA462694E8BF0040A0AB = {
			isa = PBXGroup;
			children = (
				FC46EA512694E8BF0040A0AB /* Elysabettian */,
				FC46EA502694E8BF0040A0AB /* Products */,
			);
			sourceTree = "<group>";
		};
		FC46EA502694E8BF0040A0AB /* Products */ = {
			isa = PBXGroup;
			children = (
				FC46EA4F2694E8BF0040A0AB /* Elysabettian */,
			);
			name = Products;
			sourceTree = "<group>";
		};
		FC46EA512694E8BF0040A0AB /* Elysabettian */ = {
			isa = PBXGroup;
			children = (
				FC46EA522694E8BF0040A0AB /* main.c */,
				FC46EA592694E8D00040A0AB /* common.h */,
				FC46EA5A2694E9960040A0AB /* value.h */,
				FC46EA5B2694E9960040A0AB /* value.c */,
				FC46EA5D2694EEBB0040A0AB /* memory.h */,
				FC46EA5E2694EEBB0040A0AB /* memory.c */,
				FC46EA602694F03D0040A0AB /* object.h */,
				FC46EA612694F03D0040A0AB /* object.c */,
				FC46EA632694F5170040A0AB /* chunk.h */,
				FC46EA642694F5170040A0AB /* chunk.c */,
				FC46EA662694F8630040A0AB /* table.h */,
				FC46EA672694F8630040A0AB /* table.c */,
				FC46EA692694FE8D0040A0AB /* vm.h */,
				FC46EA6A2694FE8D0040A0AB /* vm.c */,
				FC46EA6C269528F30040A0AB /* compiler.h */,
				FC46EA6D269528F30040A0AB /* compiler.c */,
				FC46EA6F2695E8C30040A0AB /* debug.h */,
				FC46EA702695E8C30040A0AB /* debug.c */,
				FC46EA722695F2650040A0AB /* scanner.h */,
				FC46EA732695F2650040A0AB /* scanner.c */,
			);
			path = Elysabettian;
			sourceTree = "<group>";
		};
/* End PBXGroup section */

/* Begin PBXNativeTarget section */
		FC46EA4E2694E8BF0040A0AB /* Elysabettian */ = {
			isa = PBXNativeTarget;
			buildConfigurationList = FC46EA562694E8BF0040A0AB /* Build configuration list for PBXNativeTarget "Elysabettian" */;
			buildPhases = (
				FC46EA4B2694E8BF0040A0AB /* Sources */,
				FC46EA4C2694E8BF0040A0AB /* Frameworks */,
				FC46EA4D2694E8BF0040A0AB /* CopyFiles */,
			);
			buildRules = (
			);
			dependencies = (
			);
			name = Elysabettian;
			productName = Elysabettian;
			productReference = FC46EA4F2694E8BF0040A0AB /* Elysabettian */;
			productType = "com.apple.product-type.tool";
		};
/* End PBXNativeTarget section */

/* Begin PBXProject section */
		FC46EA472694E8BF0040A0AB /* Project object */ = {
			isa = PBXProject;
			attributes = {
				LastUpgradeCheck = 1250;
				TargetAttributes = {
					FC46EA4E2694E8BF0040A0AB = {
						CreatedOnToolsVersion = 12.5.1;
					};
				};
			};
			buildConfigurationList = FC46EA4A2694E8BF0040A0AB /* Build configuration list for PBXProject "Elysabettian" */;
			compatibilityVersion = "Xcode 9.3";
			developmentRegion = en;
			hasScannedForEncodings = 0;
			knownRegions = (
				en,
				Base,
			);
			mainGroup = FC46EA462694E8BF0040A0AB;
			productRefGroup = FC46EA502694E8BF0040A0AB /* Products */;
			projectDirPath = "";
			projectRoot = "";
			targets = (
				FC46EA4E2694E8BF0040A0AB /* Elysabettian */,
			);
		};
/* End PBXProject section */

/* Begin PBXSourcesBuildPhase section */
		FC46EA4B2694E8BF0040A0AB /* Sources */ = {
			isa = PBXSourcesBuildPhase;
			buildActionMask = 2147483647;
			files = (
				FC46EA682694F8630040A0AB /* table.c in Sources */,
				FC46EA652694F5170040A0AB /* chunk.c in Sources */,
				FC46EA742695F2650040A0AB /* scanner.c in Sources */,
				FC46EA622694F03D0040A0AB /* object.c in Sources */,
				FC46EA712695E8C30040A0AB /* debug.c in Sources */,
				FC46EA532694E8BF0040A0AB /* main.c in Sources */,
				FC46EA5F2694EEBB0040A0AB /* memory.c in Sources */,
				FC46EA5C2694E9960040A0AB /* value.c in Sources */,
				FC46EA6E269528F30040A0AB /* compiler.c in Sources */,
				FC46EA6B2694FE8D0040A0AB /* vm.c in Sources */,
			);
			runOnlyForDeploymentPostprocessing = 0;
		};
/* End PBXSourcesBuildPhase section */

/* Begin XCBuildConfiguration section */
		FC46EA542694E8BF0040A0AB /* Debug */ = {
			isa = XCBuildConfiguration;
			buildSettings = {
				ALWAYS_SEARCH_USER_PATHS = NO;
				CLANG_ANALYZER_NONNULL = YES;
				CLANG_ANALYZER_NUMBER_OBJECT_CONVERSION = YES_AGGRESSIVE;
				CLANG_CXX_LANGUAGE_STANDARD = "gnu++14";
				CLANG_CXX_LIBRARY = "libc++";
				CLANG_ENABLE_MODULES = YES;
				CLANG_ENABLE_OBJC_ARC = YES;
				CLANG_ENABLE_OBJC_WEAK = YES;
				CLANG_WARN_BLOCK_CAPTURE_AUTORELEASING = YES;
				CLANG_WARN_BOOL_CONVERSION = YES;
				CLANG_WARN_COMMA = YES;
				CLANG_WARN_CONSTANT_CONVERSION = YES;
				CLANG_WARN_DEPRECATED_OBJC_IMPLEMENTATIONS = YES;
				CLANG_WARN_DIRECT_OBJC_ISA_USAGE = YES_ERROR;
				CLANG_WARN_DOCUMENTATION_COMMENTS = YES;
				CLANG_WARN_EMPTY_BODY = YES;
				CLANG_WARN_ENUM_CONVERSION = YES;
				CLANG_WARN_INFINITE_RECURSION = YES;
				CLANG_WARN_INT_CONVERSION = YES;
				CLANG_WARN_NON_LITERAL_NULL_CONVERSION = YES;
				CLANG_WARN_OBJC_IMPLICIT_RETAIN_SELF = YES;
				CLANG_WARN_OBJC_LITERAL_CONVERSION = YES;
				CLANG_WARN_OBJC_ROOT_CLASS = YES_ERROR;
				CLANG_WARN_QUOTED_INCLUDE_IN_FRAMEWORK_HEADER = YES;
				CLANG_WARN_RANGE_LOOP_ANALYSIS = YES;
				CLANG_WARN_STRICT_PROTOTYPES = YES;
				CLANG_WARN_SUSPICIOUS_MOVE = YES;
				CLANG_WARN_UNGUARDED_AVAILABILITY = YES_AGGRESSIVE;
				CLANG_WARN_UNREACHABLE_CODE = YES;
				CLANG_WARN__DUPLICATE_METHOD_MATCH = YES;
				COPY_PHASE_STRIP = NO;
				DEBUG_INFORMATION_FORMAT = dwarf;
				ENABLE_STRICT_OBJC_MSGSEND = YES;
				ENABLE_TESTABILITY = YES;
				GCC_C_LANGUAGE_STANDARD = gnu11;
				GCC_DYNAMIC_NO_PIC = NO;
				GCC_NO_COMMON_BLOCKS = YES;
				GCC_OPTIMIZATION_LEVEL = 0;
				GCC_PREPROCESSOR_DEFINITIONS = (
					"DEBUG=1",
					"$(inherited)",
				);
				GCC_WARN_64_TO_32_BIT_CONVERSION = YES;
				GCC_WARN_ABOUT_RETURN_TYPE = YES_ERROR;
				GCC_WARN_UNDECLARED_SELECTOR = YES;
				GCC_WARN_UNINITIALIZED_AUTOS = YES_AGGRESSIVE;
				GCC_WARN_UNUSED_FUNCTION = YES;
				GCC_WARN_UNUSED_VARIABLE = YES;
				MACOSX_DEPLOYMENT_TARGET = 11.3;
				MTL_ENABLE_DEBUG_INFO = INCLUDE_SOURCE;
				MTL_FAST_MATH = YES;
				ONLY_ACTIVE_ARCH = YES;
				SDKROOT = macosx;
			};
			name = Debug;
		};
		FC46EA552694E8BF0040A0AB /* Release */ = {
			isa = XCBuildConfiguration;
			buildSettings = {
				ALWAYS_SEARCH_USER_PATHS = NO;
				CLANG_ANALYZER_NONNULL = YES;
				CLANG_ANALYZER_NUMBER_OBJECT_CONVERSION = YES_AGGRESSIVE;
				CLANG_CXX_LANGUAGE_STANDARD = "gnu++14";
				CLANG_CXX_LIBRARY = "libc++";
				CLANG_ENABLE_MODULES = YES;
				CLANG_ENABLE_OBJC_ARC = YES;
				CLANG_ENABLE_OBJC_WEAK = YES;
				CLANG_WARN_BLOCK_CAPTURE_AUTORELEASING = YES;
				CLANG_WARN_BOOL_CONVERSION = YES;
				CLANG_WARN_COMMA = YES;
				CLANG_WARN_CONSTANT_CONVERSION = YES;
				CLANG_WARN_DEPRECATED_OBJC_IMPLEMENTATIONS = YES;
				CLANG_WARN_DIRECT_OBJC_ISA_USAGE = YES_ERROR;
				CLANG_WARN_DOCUMENTATION_COMMENTS = YES;
				CLANG_WARN_EMPTY_BODY = YES;
				CLANG_WARN_ENUM_CONVERSION = YES;
				CLANG_WARN_INFINITE_RECURSION = YES;
				CLANG_WARN_INT_CONVERSION = YES;
				CLANG_WARN_NON_LITERAL_NULL_CONVERSION = YES;
				CLANG_WARN_OBJC_IMPLICIT_RETAIN_SELF = YES;
				CLANG_WARN_OBJC_LITERAL_CONVERSION = YES;
				CLANG_WARN_OBJC_ROOT_CLASS = YES_ERROR;
				CLANG_WARN_QUOTED_INCLUDE_IN_FRAMEWORK_HEADER = YES;
				CLANG_WARN_RANGE_LOOP_ANALYSIS = YES;
				CLANG_WARN_STRICT_PROTOTYPES = YES;
				CLANG_WARN_SUSPICIOUS_MOVE = YES;
				CLANG_WARN_UNGUARDED_AVAILABILITY = YES_AGGRESSIVE;
				CLANG_WARN_UNREACHABLE_CODE = YES;
				CLANG_WARN__DUPLICATE_METHOD_MATCH = YES;
				COPY_PHASE_STRIP = NO;
				DEBUG_INFORMATION_FORMAT = "dwarf-with-dsym";
				ENABLE_NS_ASSERTIONS = NO;
				ENABLE_STRICT_OBJC_MSGSEND = YES;
				GCC_C_LANGUAGE_STANDARD = gnu11;
				GCC_NO_COMMON_BLOCKS = YES;
				GCC_WARN_64_TO_32_BIT_CONVERSION = YES;
				GCC_WARN_ABOUT_RETURN_TYPE = YES_ERROR;
				GCC_WARN_UNDECLARED_SELECTOR = YES;
				GCC_WARN_UNINITIALIZED_AUTOS = YES_AGGRESSIVE;
				GCC_WARN_UNUSED_FUNCTION = YES;
				GCC_WARN_UNUSED_VARIABLE = YES;
				MACOSX_DEPLOYMENT_TARGET = 11.3;
				MTL_ENABLE_DEBUG_INFO = NO;
				MTL_FAST_MATH = YES;
				SDKROOT = macosx;
			};
			name = Release;
		};
		FC46EA572694E8BF0040A0AB /* Debug */ = {
			isa = XCBuildConfiguration;
			buildSettings = {
				CODE_SIGN_STYLE = Automatic;
				PRODUCT_NAME = "$(TARGET_NAME)";
			};
			name = Debug;
		};
		FC46EA582694E8BF0040A0AB /* Release */ = {
			isa = XCBuildConfiguration;
			buildSettings = {
				CODE_SIGN_STYLE = Automatic;
				PRODUCT_NAME = "$(TARGET_NAME)";
			};
			name = Release;
		};
/* End XCBuildConfiguration section */

/* Begin XCConfigurationList section */
		FC46EA4A2694E8BF0040A0AB /* Build configuration list for PBXProject "Elysabettian" */ = {
			isa = XCConfigurationList;
			buildConfigurations = (
				FC46EA542694E8BF0040A0AB /* Debug */,
				FC46EA552694E8BF0040A0AB /* Release */,
			);
			defaultConfigurationIsVisible = 0;
			defaultConfigurationName = Release;
		};
		FC46EA562694E8BF0040A0AB /* Build configuration list for PBXNativeTarget "Elysabettian" */ = {
			isa = XCConfigurationList;
			buildConfigurations = (
				FC46EA572694E8BF0040A0AB /* Debug */,
				FC46EA582694E8BF0040A0AB /* Release */,
			);
			defaultConfigurationIsVisible = 0;
			defaultConfigurationName = Release;
		};
/* End XCConfigurationList section */
	};
	rootObject = FC46EA472694E8BF0040A0AB /* Project object */;
}
